
Microsoft Visual Studio Solution File, Format Version 12.00
# Visual Studio Version 17
VisualStudioVersion = 17.14.36616.10 d17.14
MinimumVisualStudioVersion = 10.0.40219.1
Project("{FAE04EC0-301F-11D3-BF4B-00C04F79EFBC}") = "FoxDB", "FoxDB.csproj", "{68BFC2E0-E78E-450C-A29E-3472D6E2AA8F}"
EndProject
Global
	GlobalSection(SolutionConfigurationPlatforms) = preSolution
		Debug|Any CPU = Debug|Any CPU
		Release|Any CPU = Release|Any CPU
	EndGlobalSection
	GlobalSection(ProjectConfigurationPlatforms) = postSolution
		{68BFC2E0-E78E-450C-A29E-3472D6E2AA8F}.Debug|Any CPU.ActiveCfg = Debug|Any CPU
		{68BFC2E0-E78E-450C-A29E-3472D6E2AA8F}.Debug|Any CPU.Build.0 = Debug|Any CPU
		{68BFC2E0-E78E-450C-A29E-3472D6E2AA8F}.Release|Any CPU.ActiveCfg = Release|Any CPU
		{68BFC2E0-E78E-450C-A29E-3472D6E2AA8F}.Release|Any CPU.Build.0 = Release|Any CPU
	EndGlobalSection
	GlobalSection(SolutionProperties) = preSolution
		HideSolutionNode = FALSE
	EndGlobalSection
	GlobalSection(ExtensibilityGlobals) = postSolution
		SolutionGuid = {836C45CF-99D5-464F-97C7-B482CAF5AE39}
	EndGlobalSection
EndGlobal
